{
  "name": "Example",
  "version": "0.0.1",
  "lockfileVersion": 1,
  "requires": true,
  "dependencies": {
    "react-native-twitter-signin": {
      "version": "1.0.2",
      "resolved": "https://registry.npmjs.org/react-native-twitter-signin/-/react-native-twitter-signin-1.0.2.tgz",
      "integrity": "sha1-nPNmb3x/NcLTZzj2MBSWZLwDst4="
    }
  }
}
